
Microsoft Visual Studio Solution File, Format Version 12.00
# Visual Studio Version 16
VisualStudioVersion = 16.0.810.23
MinimumVisualStudioVersion = 10.0.40219.1
Project("{FAE04EC0-301F-11D3-BF4B-00C04F79EFBC}") = "ASD_HomeTask_Binary_search_tree", "ASD_HomeTask_Binary_search_tree\ASD_HomeTask_Binary_search_tree.csproj", "{D997220E-D4C2-4EC0-AA2B-BDBF389ED4F1}"
EndProject
Global
	GlobalSection(SolutionConfigurationPlatforms) = preSolution
		Debug|Any CPU = Debug|Any CPU
		Release|Any CPU = Release|Any CPU
	EndGlobalSection
	GlobalSection(ProjectConfigurationPlatforms) = postSolution
		{D997220E-D4C2-4EC0-AA2B-BDBF389ED4F1}.Debug|Any CPU.ActiveCfg = Debug|Any CPU
		{D997220E-D4C2-4EC0-AA2B-BDBF389ED4F1}.Debug|Any CPU.Build.0 = Debug|Any CPU
		{D997220E-D4C2-4EC0-AA2B-BDBF389ED4F1}.Release|Any CPU.ActiveCfg = Release|Any CPU
		{D997220E-D4C2-4EC0-AA2B-BDBF389ED4F1}.Release|Any CPU.Build.0 = Release|Any CPU
	EndGlobalSection
	GlobalSection(SolutionProperties) = preSolution
		HideSolutionNode = FALSE
	EndGlobalSection
	GlobalSection(ExtensibilityGlobals) = postSolution
		SolutionGuid = {76A45A72-E1E7-4CCE-8011-FD993D8607A4}
	EndGlobalSection
EndGlobal
