
Microsoft Visual Studio Solution File, Format Version 12.00
# Visual Studio Version 16
VisualStudioVersion = 16.0.810.22
MinimumVisualStudioVersion = 10.0.40219.1
Project("{FAE04EC0-301F-11D3-BF4B-00C04F79EFBC}") = "Lab_2_ASD", "Lab_2_ASD\Lab_2_ASD.csproj", "{10ED1FD6-683F-42FA-AE37-80198C2E2198}"
EndProject
Global
	GlobalSection(SolutionConfigurationPlatforms) = preSolution
		Debug|Any CPU = Debug|Any CPU
		Release|Any CPU = Release|Any CPU
	EndGlobalSection
	GlobalSection(ProjectConfigurationPlatforms) = postSolution
		{10ED1FD6-683F-42FA-AE37-80198C2E2198}.Debug|Any CPU.ActiveCfg = Debug|Any CPU
		{10ED1FD6-683F-42FA-AE37-80198C2E2198}.Debug|Any CPU.Build.0 = Debug|Any CPU
		{10ED1FD6-683F-42FA-AE37-80198C2E2198}.Release|Any CPU.ActiveCfg = Release|Any CPU
		{10ED1FD6-683F-42FA-AE37-80198C2E2198}.Release|Any CPU.Build.0 = Release|Any CPU
	EndGlobalSection
	GlobalSection(SolutionProperties) = preSolution
		HideSolutionNode = FALSE
	EndGlobalSection
	GlobalSection(ExtensibilityGlobals) = postSolution
		SolutionGuid = {BE324AF6-31F4-498A-AFC7-403E57357FB9}
	EndGlobalSection
EndGlobal
